// !$*UTF8*$!
{
	archiveVersion = 1;
	classes = {
	};
	objectVersion = 46;
	objects = {

/* Begin PBXBuildFile section */
		8FD172911B1D14B400C0F7F3 /* main.m in Sources */ = {isa = PBXBuildFile; fileRef = 8FD172901B1D14B400C0F7F3 /* main.m */; };
		8FD172941B1D14B400C0F7F3 /* BNRAppDelegate.m in Sources */ = {isa = PBXBuildFile; fileRef = 8FD172931B1D14B400C0F7F3 /* BNRAppDelegate.m */; };
		8FD1729C1B1D14B400C0F7F3 /* Images.xcassets in Resources */ = {isa = PBXBuildFile; fileRef = 8FD1729B1B1D14B400C0F7F3 /* Images.xcassets */; };
		8FD172AB1B1D14B400C0F7F3 /* QuizTests.m in Sources */ = {isa = PBXBuildFile; fileRef = 8FD172AA1B1D14B400C0F7F3 /* QuizTests.m */; };
		8FD172B71B1D1B0F00C0F7F3 /* BNRQuizViewController.m in Sources */ = {isa = PBXBuildFile; fileRef = 8FD172B51B1D1B0F00C0F7F3 /* BNRQuizViewController.m */; };
		8FD172B81B1D1B0F00C0F7F3 /* BNRQuizViewController.xib in Resources */ = {isa = PBXBuildFile; fileRef = 8FD172B61B1D1B0F00C0F7F3 /* BNRQuizViewController.xib */; };
/* End PBXBuildFile section */

/* Begin PBXContainerItemProxy section */
		8FD172A51B1D14B400C0F7F3 /* PBXContainerItemProxy */ = {
			isa = PBXContainerItemProxy;
			containerPortal = 8FD172831B1D14B400C0F7F3 /* Project object */;
			proxyType = 1;
			remoteGlobalIDString = 8FD1728A1B1D14B400C0F7F3;
			remoteInfo = Quiz;
		};
/* End PBXContainerItemProxy section */

/* Begin PBXFileReference section */
		8FD1728B1B1D14B400C0F7F3 /* Quiz.app */ = {isa = PBXFileReference; explicitFileType = wrapper.application; includeInIndex = 0; path = Quiz.app; sourceTree = BUILT_PRODUCTS_DIR; };
		8FD1728F1B1D14B400C0F7F3 /* Info.plist */ = {isa = PBXFileReference; lastKnownFileType = text.plist.xml; path = Info.plist; sourceTree = "<group>"; };
		8FD172901B1D14B400C0F7F3 /* main.m */ = {isa = PBXFileReference; lastKnownFileType = sourcecode.c.objc; path = main.m; sourceTree = "<group>"; };
		8FD172921B1D14B400C0F7F3 /* BNRAppDelegate.h */ = {isa = PBXFileReference; lastKnownFileType = sourcecode.c.h; path = BNRAppDelegate.h; sourceTree = "<group>"; };
		8FD172931B1D14B400C0F7F3 /* BNRAppDelegate.m */ = {isa = PBXFileReference; lastKnownFileType = sourcecode.c.objc; path = BNRAppDelegate.m; sourceTree = "<group>"; };
		8FD1729B1B1D14B400C0F7F3 /* Images.xcassets */ = {isa = PBXFileReference; lastKnownFileType = folder.assetcatalog; path = Images.xcassets; sourceTree = "<group>"; };
		8FD172A41B1D14B400C0F7F3 /* QuizTests.xctest */ = {isa = PBXFileReference; explicitFileType = wrapper.cfbundle; includeInIndex = 0; path = QuizTests.xctest; sourceTree = BUILT_PRODUCTS_DIR; };
		8FD172A91B1D14B400C0F7F3 /* Info.plist */ = {isa = PBXFileReference; lastKnownFileType = text.plist.xml; path = Info.plist; sourceTree = "<group>"; };
		8FD172AA1B1D14B400C0F7F3 /* QuizTests.m */ = {isa = PBXFileReference; lastKnownFileType = sourcecode.c.objc; path = QuizTests.m; sourceTree = "<group>"; };
		8FD172B41B1D1B0F00C0F7F3 /* BNRQuizViewController.h */ = {isa = PBXFileReference; fileEncoding = 4; lastKnownFileType = sourcecode.c.h; path = BNRQuizViewController.h; sourceTree = "<group>"; };
		8FD172B51B1D1B0F00C0F7F3 /* BNRQuizViewController.m */ = {isa = PBXFileReference; fileEncoding = 4; lastKnownFileType = sourcecode.c.objc; path = BNRQuizViewController.m; sourceTree = "<group>"; };
		8FD172B61B1D1B0F00C0F7F3 /* BNRQuizViewController.xib */ = {isa = PBXFileReference; fileEncoding = 4; lastKnownFileType = file.xib; path = BNRQuizViewController.xib; sourceTree = "<group>"; };
/* End PBXFileReference section */

/* Begin PBXFrameworksBuildPhase section */
		8FD172881B1D14B400C0F7F3 /* Frameworks */ = {
			isa = PBXFrameworksBuildPhase;
			buildActionMask = 2147483647;
			files = (
			);
			runOnlyForDeploymentPostprocessing = 0;
		};
		8FD172A11B1D14B400C0F7F3 /* Frameworks */ = {
			isa = PBXFrameworksBuildPhase;
			buildActionMask = 2147483647;
			files = (
			);
			runOnlyForDeploymentPostprocessing = 0;
		};
/* End PBXFrameworksBuildPhase section */

/* Begin PBXGroup section */
		8FD172821B1D14B400C0F7F3 = {
			isa = PBXGroup;
			children = (
				8FD1728D1B1D14B400C0F7F3 /* Quiz */,
				8FD172A71B1D14B400C0F7F3 /* QuizTests */,
				8FD1728C1B1D14B400C0F7F3 /* Products */,
			);
			sourceTree = "<group>";
		};
		8FD1728C1B1D14B400C0F7F3 /* Products */ = {
			isa = PBXGroup;
			children = (
				8FD1728B1B1D14B400C0F7F3 /* Quiz.app */,
				8FD172A41B1D14B400C0F7F3 /* QuizTests.xctest */,
			);
			name = Products;
			sourceTree = "<group>";
		};
		8FD1728D1B1D14B400C0F7F3 /* Quiz */ = {
			isa = PBXGroup;
			children = (
				8FD172921B1D14B400C0F7F3 /* BNRAppDelegate.h */,
				8FD172931B1D14B400C0F7F3 /* BNRAppDelegate.m */,
				8FD1729B1B1D14B400C0F7F3 /* Images.xcassets */,
				8FD1728E1B1D14B400C0F7F3 /* Supporting Files */,
				8FD172B41B1D1B0F00C0F7F3 /* BNRQuizViewController.h */,
				8FD172B51B1D1B0F00C0F7F3 /* BNRQuizViewController.m */,
				8FD172B61B1D1B0F00C0F7F3 /* BNRQuizViewController.xib */,
			);
			path = Quiz;
			sourceTree = "<group>";
		};
		8FD1728E1B1D14B400C0F7F3 /* Supporting Files */ = {
			isa = PBXGroup;
			children = (
				8FD1728F1B1D14B400C0F7F3 /* Info.plist */,
				8FD172901B1D14B400C0F7F3 /* main.m */,
			);
			name = "Supporting Files";
			sourceTree = "<group>";
		};
		8FD172A71B1D14B400C0F7F3 /* QuizTests */ = {
			isa = PBXGroup;
			children = (
				8FD172AA1B1D14B400C0F7F3 /* QuizTests.m */,
				8FD172A81B1D14B400C0F7F3 /* Supporting Files */,
			);
			path = QuizTests;
			sourceTree = "<group>";
		};
		8FD172A81B1D14B400C0F7F3 /* Supporting Files */ = {
			isa = PBXGroup;
			children = (
				8FD172A91B1D14B400C0F7F3 /* Info.plist */,
			);
			name = "Supporting Files";
			sourceTree = "<group>";
		};
/* End PBXGroup section */

/* Begin PBXNativeTarget section */
		8FD1728A1B1D14B400C0F7F3 /* Quiz */ = {
			isa = PBXNativeTarget;
			buildConfigurationList = 8FD172AE1B1D14B400C0F7F3 /* Build configuration list for PBXNativeTarget "Quiz" */;
			buildPhases = (
				8FD172871B1D14B400C0F7F3 /* Sources */,
				8FD172881B1D14B400C0F7F3 /* Frameworks */,
				8FD172891B1D14B400C0F7F3 /* Resources */,
			);
			buildRules = (
			);
			dependencies = (
			);
			name = Quiz;
			productName = Quiz;
			productReference = 8FD1728B1B1D14B400C0F7F3 /* Quiz.app */;
			productType = "com.apple.product-type.application";
		};
		8FD172A31B1D14B400C0F7F3 /* QuizTests */ = {
			isa = PBXNativeTarget;
			buildConfigurationList = 8FD172B11B1D14B400C0F7F3 /* Build configuration list for PBXNativeTarget "QuizTests" */;
			buildPhases = (
				8FD172A01B1D14B400C0F7F3 /* Sources */,
				8FD172A11B1D14B400C0F7F3 /* Frameworks */,
				8FD172A21B1D14B400C0F7F3 /* Resources */,
			);
			buildRules = (
			);
			dependencies = (
				8FD172A61B1D14B400C0F7F3 /* PBXTargetDependency */,
			);
			name = QuizTests;
			productName = QuizTests;
			productReference = 8FD172A41B1D14B400C0F7F3 /* QuizTests.xctest */;
			productType = "com.apple.product-type.bundle.unit-test";
		};
/* End PBXNativeTarget section */

/* Begin PBXProject section */
		8FD172831B1D14B400C0F7F3 /* Project object */ = {
			isa = PBXProject;
			attributes = {
				LastUpgradeCheck = 0610;
				ORGANIZATIONNAME = "Big Nerd Ranch";
				TargetAttributes = {
					8FD1728A1B1D14B400C0F7F3 = {
						CreatedOnToolsVersion = 6.1;
					};
					8FD172A31B1D14B400C0F7F3 = {
						CreatedOnToolsVersion = 6.1;
						TestTargetID = 8FD1728A1B1D14B400C0F7F3;
					};
				};
			};
			buildConfigurationList = 8FD172861B1D14B400C0F7F3 /* Build configuration list for PBXProject "Quiz" */;
			compatibilityVersion = "Xcode 3.2";
			developmentRegion = English;
			hasScannedForEncodings = 0;
			knownRegions = (
				en,
				Base,
			);
			mainGroup = 8FD172821B1D14B400C0F7F3;
			productRefGroup = 8FD1728C1B1D14B400C0F7F3 /* Products */;
			projectDirPath = "";
			projectRoot = "";
			targets = (
				8FD1728A1B1D14B400C0F7F3 /* Quiz */,
				8FD172A31B1D14B400C0F7F3 /* QuizTests */,
			);
		};
/* End PBXProject section */

/* Begin PBXResourcesBuildPhase section */
		8FD172891B1D14B400C0F7F3 /* Resources */ = {
			isa = PBXResourcesBuildPhase;
			buildActionMask = 2147483647;
			files = (
				8FD172B81B1D1B0F00C0F7F3 /* BNRQuizViewController.xib in Resources */,
				8FD1729C1B1D14B400C0F7F3 /* Images.xcassets in Resources */,
			);
			runOnlyForDeploymentPostprocessing = 0;
		};
		8FD172A21B1D14B400C0F7F3 /* Resources */ = {
			isa = PBXResourcesBuildPhase;
			buildActionMask = 2147483647;
			files = (
			);
			runOnlyForDeploymentPostprocessing = 0;
		};
/* End PBXResourcesBuildPhase section */

/* Begin PBXSourcesBuildPhase section */
		8FD172871B1D14B400C0F7F3 /* Sources */ = {
			isa = PBXSourcesBuildPhase;
			buildActionMask = 2147483647;
			files = (
				8FD172941B1D14B400C0F7F3 /* BNRAppDelegate.m in Sources */,
				8FD172911B1D14B400C0F7F3 /* main.m in Sources */,
				8FD172B71B1D1B0F00C0F7F3 /* BNRQuizViewController.m in Sources */,
			);
			runOnlyForDeploymentPostprocessing = 0;
		};
		8FD172A01B1D14B400C0F7F3 /* Sources */ = {
			isa = PBXSourcesBuildPhase;
			buildActionMask = 2147483647;
			files = (
				8FD172AB1B1D14B400C0F7F3 /* QuizTests.m in Sources */,
			);
			runOnlyForDeploymentPostprocessing = 0;
		};
/* End PBXSourcesBuildPhase section */

/* Begin PBXTargetDependency section */
		8FD172A61B1D14B400C0F7F3 /* PBXTargetDependency */ = {
			isa = PBXTargetDependency;
			target = 8FD1728A1B1D14B400C0F7F3 /* Quiz */;
			targetProxy = 8FD172A51B1D14B400C0F7F3 /* PBXContainerItemProxy */;
		};
/* End PBXTargetDependency section */

/* Begin XCBuildConfiguration section */
		8FD172AC1B1D14B400C0F7F3 /* Debug */ = {
			isa = XCBuildConfiguration;
			buildSettings = {
				ALWAYS_SEARCH_USER_PATHS = NO;
				CLANG_CXX_LANGUAGE_STANDARD = "gnu++0x";
				CLANG_CXX_LIBRARY = "libc++";
				CLANG_ENABLE_MODULES = YES;
				CLANG_ENABLE_OBJC_ARC = YES;
				CLANG_WARN_BOOL_CONVERSION = YES;
				CLANG_WARN_CONSTANT_CONVERSION = YES;
				CLANG_WARN_DIRECT_OBJC_ISA_USAGE = YES_ERROR;
				CLANG_WARN_EMPTY_BODY = YES;
				CLANG_WARN_ENUM_CONVERSION = YES;
				CLANG_WARN_INT_CONVERSION = YES;
				CLANG_WARN_OBJC_ROOT_CLASS = YES_ERROR;
				CLANG_WARN_UNREACHABLE_CODE = YES;
				CLANG_WARN__DUPLICATE_METHOD_MATCH = YES;
				"CODE_SIGN_IDENTITY[sdk=iphoneos*]" = "iPhone Developer";
				COPY_PHASE_STRIP = NO;
				ENABLE_STRICT_OBJC_MSGSEND = YES;
				GCC_C_LANGUAGE_STANDARD = gnu99;
				GCC_DYNAMIC_NO_PIC = NO;
				GCC_OPTIMIZATION_LEVEL = 0;
				GCC_PREPROCESSOR_DEFINITIONS = (
					"DEBUG=1",
					"$(inherited)",
				);
				GCC_SYMBOLS_PRIVATE_EXTERN = NO;
				GCC_WARN_64_TO_32_BIT_CONVERSION = YES;
				GCC_WARN_ABOUT_RETURN_TYPE = YES_ERROR;
				GCC_WARN_UNDECLARED_SELECTOR = YES;
				GCC_WARN_UNINITIALIZED_AUTOS = YES_AGGRESSIVE;
				GCC_WARN_UNUSED_FUNCTION = YES;
				GCC_WARN_UNUSED_VARIABLE = YES;
				IPHONEOS_DEPLOYMENT_TARGET = 8.1;
				MTL_ENABLE_DEBUG_INFO = YES;
				ONLY_ACTIVE_ARCH = YES;
				SDKROOT = iphoneos;
			};
			name = Debug;
		};
		8FD172AD1B1D14B400C0F7F3 /* Release */ = {
			isa = XCBuildConfiguration;
			buildSettings = {
				ALWAYS_SEARCH_USER_PATHS = NO;
				CLANG_CXX_LANGUAGE_STANDARD = "gnu++0x";
				CLANG_CXX_LIBRARY = "libc++";
				CLANG_ENABLE_MODULES = YES;
				CLANG_ENABLE_OBJC_ARC = YES;
				CLANG_WARN_BOOL_CONVERSION = YES;
				CLANG_WARN_CONSTANT_CONVERSION = YES;
				CLANG_WARN_DIRECT_OBJC_ISA_USAGE = YES_ERROR;
				CLANG_WARN_EMPTY_BODY = YES;
				CLANG_WARN_ENUM_CONVERSION = YES;
				CLANG_WARN_INT_CONVERSION = YES;
				CLANG_WARN_OBJC_ROOT_CLASS = YES_ERROR;
				CLANG_WARN_UNREACHABLE_CODE = YES;
				CLANG_WARN__DUPLICATE_METHOD_MATCH = YES;
				"CODE_SIGN_IDENTITY[sdk=iphoneos*]" = "iPhone Developer";
				COPY_PHASE_STRIP = YES;
				ENABLE_NS_ASSERTIONS = NO;
				ENABLE_STRICT_OBJC_MSGSEND = YES;
				GCC_C_LANGUAGE_STANDARD = gnu99;
				GCC_WARN_64_TO_32_BIT_CONVERSION = YES;
				GCC_WARN_ABOUT_RETURN_TYPE = YES_ERROR;
				GCC_WARN_UNDECLARED_SELECTOR = YES;
				GCC_WARN_UNINITIALIZED_AUTOS = YES_AGGRESSIVE;
				GCC_WARN_UNUSED_FUNCTION = YES;
				GCC_WARN_UNUSED_VARIABLE = YES;
				IPHONEOS_DEPLOYMENT_TARGET = 8.1;
				MTL_ENABLE_DEBUG_INFO = NO;
				SDKROOT = iphoneos;
				VALIDATE_PRODUCT = YES;
			};
			name = Release;
		};
		8FD172AF1B1D14B400C0F7F3 /* Debug */ = {
			isa = XCBuildConfiguration;
			buildSettings = {
				ASSETCATALOG_COMPILER_APPICON_NAME = AppIcon;
				INFOPLIST_FILE = Quiz/Info.plist;
				LD_RUNPATH_SEARCH_PATHS = "$(inherited) @executable_path/Frameworks";
				PRODUCT_NAME = "$(TARGET_NAME)";
			};
			name = Debug;
		};
		8FD172B01B1D14B400C0F7F3 /* Release */ = {
			isa = XCBuildConfiguration;
			buildSettings = {
				ASSETCATALOG_COMPILER_APPICON_NAME = AppIcon;
				INFOPLIST_FILE = Quiz/Info.plist;
				LD_RUNPATH_SEARCH_PATHS = "$(inherited) @executable_path/Frameworks";
				PRODUCT_NAME = "$(TARGET_NAME)";
			};
			name = Release;
		};
		8FD172B21B1D14B400C0F7F3 /* Debug */ = {
			isa = XCBuildConfiguration;
			buildSettings = {
				BUNDLE_LOADER = "$(TEST_HOST)";
				FRAMEWORK_SEARCH_PATHS = (
					"$(SDKROOT)/Developer/Library/Frameworks",
					"$(inherited)",
				);
				GCC_PREPROCESSOR_DEFINITIONS = (
					"DEBUG=1",
					"$(inherited)",
				);
				INFOPLIST_FILE = QuizTests/Info.plist;
				LD_RUNPATH_SEARCH_PATHS = "$(inherited) @executable_path/Frameworks @loader_path/Frameworks";
				PRODUCT_NAME = "$(TARGET_NAME)";
				TEST_HOST = "$(BUILT_PRODUCTS_DIR)/Quiz.app/Quiz";
			};
			name = Debug;
		};
		8FD172B31B1D14B400C0F7F3 /* Release */ = {
			isa = XCBuildConfiguration;
			buildSettings = {
				BUNDLE_LOADER = "$(TEST_HOST)";
				FRAMEWORK_SEARCH_PATHS = (
					"$(SDKROOT)/Developer/Library/Frameworks",
					"$(inherited)",
				);
				INFOPLIST_FILE = QuizTests/Info.plist;
				LD_RUNPATH_SEARCH_PATHS = "$(inherited) @executable_path/Frameworks @loader_path/Frameworks";
				PRODUCT_NAME = "$(TARGET_NAME)";
				TEST_HOST = "$(BUILT_PRODUCTS_DIR)/Quiz.app/Quiz";
			};
			name = Release;
		};
/* End XCBuildConfiguration section */

/* Begin XCConfigurationList section */
		8FD172861B1D14B400C0F7F3 /* Build configuration list for PBXProject "Quiz" */ = {
			isa = XCConfigurationList;
			buildConfigurations = (
				8FD172AC1B1D14B400C0F7F3 /* Debug */,
				8FD172AD1B1D14B400C0F7F3 /* Release */,
			);
			defaultConfigurationIsVisible = 0;
			defaultConfigurationName = Release;
		};
		8FD172AE1B1D14B400C0F7F3 /* Build configuration list for PBXNativeTarget "Quiz" */ = {
			isa = XCConfigurationList;
			buildConfigurations = (
				8FD172AF1B1D14B400C0F7F3 /* Debug */,
				8FD172B01B1D14B400C0F7F3 /* Release */,
			);
			defaultConfigurationIsVisible = 0;
		};
		8FD172B11B1D14B400C0F7F3 /* Build configuration list for PBXNativeTarget "QuizTests" */ = {
			isa = XCConfigurationList;
			buildConfigurations = (
				8FD172B21B1D14B400C0F7F3 /* Debug */,
				8FD172B31B1D14B400C0F7F3 /* Release */,
			);
			defaultConfigurationIsVisible = 0;
		};
/* End XCConfigurationList section */
	};
	rootObject = 8FD172831B1D14B400C0F7F3 /* Project object */;
}
